// !$*UTF8*$!
{
	archiveVersion = 1;
	classes = {
	};
	objectVersion = 48;
	objects = {

/* Begin PBXBuildFile section */
		7119D6F81FF4C14D00B6565A /* AppDelegate.swift in Sources */ = {isa = PBXBuildFile; fileRef = 7119D6F71FF4C14D00B6565A /* AppDelegate.swift */; };
		7119D6FA1FF4C14D00B6565A /* ViewController.swift in Sources */ = {isa = PBXBuildFile; fileRef = 7119D6F91FF4C14D00B6565A /* ViewController.swift */; };
		7119D6FD1FF4C14D00B6565A /* Main.storyboard in Resources */ = {isa = PBXBuildFile; fileRef = 7119D6FB1FF4C14D00B6565A /* Main.storyboard */; };
		7119D6FF1FF4C14D00B6565A /* Assets.xcassets in Resources */ = {isa = PBXBuildFile; fileRef = 7119D6FE1FF4C14D00B6565A /* Assets.xcassets */; };
		7119D7021FF4C14D00B6565A /* LaunchScreen.storyboard in Resources */ = {isa = PBXBuildFile; fileRef = 7119D7001FF4C14D00B6565A /* LaunchScreen.storyboard */; };
		7119D70D1FF4C14D00B6565A /* ChineseIDValidatorTests.swift in Sources */ = {isa = PBXBuildFile; fileRef = 7119D70C1FF4C14D00B6565A /* ChineseIDValidatorTests.swift */; };
		7119D71D1FF6110A00B6565A /* String+CNID.swift in Sources */ = {isa = PBXBuildFile; fileRef = 7119D71C1FF6110A00B6565A /* String+CNID.swift */; };
/* End PBXBuildFile section */

/* Begin PBXContainerItemProxy section */
		7119D7091FF4C14D00B6565A /* PBXContainerItemProxy */ = {
			isa = PBXContainerItemProxy;
			containerPortal = 7119D6EC1FF4C14D00B6565A /* Project object */;
			proxyType = 1;
			remoteGlobalIDString = 7119D6F31FF4C14D00B6565A;
			remoteInfo = ChineseIDValidator;
		};
/* End PBXContainerItemProxy section */

/* Begin PBXFileReference section */
		7119D6F41FF4C14D00B6565A /* ChineseIDValidator.app */ = {isa = PBXFileReference; explicitFileType = wrapper.application; includeInIndex = 0; path = ChineseIDValidator.app; sourceTree = BUILT_PRODUCTS_DIR; };
		7119D6F71FF4C14D00B6565A /* AppDelegate.swift */ = {isa = PBXFileReference; lastKnownFileType = sourcecode.swift; path = AppDelegate.swift; sourceTree = "<group>"; };
		7119D6F91FF4C14D00B6565A /* ViewController.swift */ = {isa = PBXFileReference; lastKnownFileType = sourcecode.swift; path = ViewController.swift; sourceTree = "<group>"; };
		7119D6FC1FF4C14D00B6565A /* Base */ = {isa = PBXFileReference; lastKnownFileType = file.storyboard; name = Base; path = Base.lproj/Main.storyboard; sourceTree = "<group>"; };
		7119D6FE1FF4C14D00B6565A /* Assets.xcassets */ = {isa = PBXFileReference; lastKnownFileType = folder.assetcatalog; path = Assets.xcassets; sourceTree = "<group>"; };
		7119D7011FF4C14D00B6565A /* Base */ = {isa = PBXFileReference; lastKnownFileType = file.storyboard; name = Base; path = Base.lproj/LaunchScreen.storyboard; sourceTree = "<group>"; };
		7119D7031FF4C14D00B6565A /* Info.plist */ = {isa = PBXFileReference; lastKnownFileType = text.plist.xml; path = Info.plist; sourceTree = "<group>"; };
		7119D7081FF4C14D00B6565A /* ChineseIDValidatorTests.xctest */ = {isa = PBXFileReference; explicitFileType = wrapper.cfbundle; includeInIndex = 0; path = ChineseIDValidatorTests.xctest; sourceTree = BUILT_PRODUCTS_DIR; };
		7119D70C1FF4C14D00B6565A /* ChineseIDValidatorTests.swift */ = {isa = PBXFileReference; lastKnownFileType = sourcecode.swift; path = ChineseIDValidatorTests.swift; sourceTree = "<group>"; };
		7119D70E1FF4C14D00B6565A /* Info.plist */ = {isa = PBXFileReference; lastKnownFileType = text.plist.xml; path = Info.plist; sourceTree = "<group>"; };
		7119D71C1FF6110A00B6565A /* String+CNID.swift */ = {isa = PBXFileReference; lastKnownFileType = sourcecode.swift; path = "String+CNID.swift"; sourceTree = "<group>"; };
/* End PBXFileReference section */

/* Begin PBXFrameworksBuildPhase section */
		7119D6F11FF4C14D00B6565A /* Frameworks */ = {
			isa = PBXFrameworksBuildPhase;
			buildActionMask = 2147483647;
			files = (
			);
			runOnlyForDeploymentPostprocessing = 0;
		};
		7119D7051FF4C14D00B6565A /* Frameworks */ = {
			isa = PBXFrameworksBuildPhase;
			buildActionMask = 2147483647;
			files = (
			);
			runOnlyForDeploymentPostprocessing = 0;
		};
/* End PBXFrameworksBuildPhase section */

/* Begin PBXGroup section */
		7119D6EB1FF4C14D00B6565A = {
			isa = PBXGroup;
			children = (
				7119D7171FF4C1D100B6565A /* Source */,
				7119D6F61FF4C14D00B6565A /* ChineseIDValidator */,
				7119D70B1FF4C14D00B6565A /* ChineseIDValidatorTests */,
				7119D6F51FF4C14D00B6565A /* Products */,
			);
			sourceTree = "<group>";
		};
		7119D6F51FF4C14D00B6565A /* Products */ = {
			isa = PBXGroup;
			children = (
				7119D6F41FF4C14D00B6565A /* ChineseIDValidator.app */,
				7119D7081FF4C14D00B6565A /* ChineseIDValidatorTests.xctest */,
			);
			name = Products;
			sourceTree = "<group>";
		};
		7119D6F61FF4C14D00B6565A /* ChineseIDValidator */ = {
			isa = PBXGroup;
			children = (
				7119D6F71FF4C14D00B6565A /* AppDelegate.swift */,
				7119D6F91FF4C14D00B6565A /* ViewController.swift */,
				7119D6FB1FF4C14D00B6565A /* Main.storyboard */,
				7119D6FE1FF4C14D00B6565A /* Assets.xcassets */,
				7119D7001FF4C14D00B6565A /* LaunchScreen.storyboard */,
				7119D7031FF4C14D00B6565A /* Info.plist */,
			);
			path = ChineseIDValidator;
			sourceTree = "<group>";
		};
		7119D70B1FF4C14D00B6565A /* ChineseIDValidatorTests */ = {
			isa = PBXGroup;
			children = (
				7119D70C1FF4C14D00B6565A /* ChineseIDValidatorTests.swift */,
				7119D70E1FF4C14D00B6565A /* Info.plist */,
			);
			path = ChineseIDValidatorTests;
			sourceTree = "<group>";
		};
		7119D7171FF4C1D100B6565A /* Source */ = {
			isa = PBXGroup;
			children = (
				7119D71C1FF6110A00B6565A /* String+CNID.swift */,
			);
			name = Source;
			path = ../Source;
			sourceTree = "<group>";
		};
/* End PBXGroup section */

/* Begin PBXNativeTarget section */
		7119D6F31FF4C14D00B6565A /* ChineseIDValidator */ = {
			isa = PBXNativeTarget;
			buildConfigurationList = 7119D7111FF4C14D00B6565A /* Build configuration list for PBXNativeTarget "ChineseIDValidator" */;
			buildPhases = (
				7119D6F01FF4C14D00B6565A /* Sources */,
				7119D6F11FF4C14D00B6565A /* Frameworks */,
				7119D6F21FF4C14D00B6565A /* Resources */,
			);
			buildRules = (
			);
			dependencies = (
			);
			name = ChineseIDValidator;
			productName = ChineseIDValidator;
			productReference = 7119D6F41FF4C14D00B6565A /* ChineseIDValidator.app */;
			productType = "com.apple.product-type.application";
		};
		7119D7071FF4C14D00B6565A /* ChineseIDValidatorTests */ = {
			isa = PBXNativeTarget;
			buildConfigurationList = 7119D7141FF4C14D00B6565A /* Build configuration list for PBXNativeTarget "ChineseIDValidatorTests" */;
			buildPhases = (
				7119D7041FF4C14D00B6565A /* Sources */,
				7119D7051FF4C14D00B6565A /* Frameworks */,
				7119D7061FF4C14D00B6565A /* Resources */,
			);
			buildRules = (
			);
			dependencies = (
				7119D70A1FF4C14D00B6565A /* PBXTargetDependency */,
			);
			name = ChineseIDValidatorTests;
			productName = ChineseIDValidatorTests;
			productReference = 7119D7081FF4C14D00B6565A /* ChineseIDValidatorTests.xctest */;
			productType = "com.apple.product-type.bundle.unit-test";
		};
/* End PBXNativeTarget section */

/* Begin PBXProject section */
		7119D6EC1FF4C14D00B6565A /* Project object */ = {
			isa = PBXProject;
			attributes = {
				LastSwiftUpdateCheck = 0920;
				LastUpgradeCheck = 0920;
				ORGANIZATIONNAME = ray;
				TargetAttributes = {
					7119D6F31FF4C14D00B6565A = {
						CreatedOnToolsVersion = 9.2;
						ProvisioningStyle = Automatic;
					};
					7119D7071FF4C14D00B6565A = {
						CreatedOnToolsVersion = 9.2;
						ProvisioningStyle = Automatic;
						TestTargetID = 7119D6F31FF4C14D00B6565A;
					};
				};
			};
			buildConfigurationList = 7119D6EF1FF4C14D00B6565A /* Build configuration list for PBXProject "ChineseIDValidator" */;
			compatibilityVersion = "Xcode 8.0";
			developmentRegion = en;
			hasScannedForEncodings = 0;
			knownRegions = (
				en,
				Base,
			);
			mainGroup = 7119D6EB1FF4C14D00B6565A;
			productRefGroup = 7119D6F51FF4C14D00B6565A /* Products */;
			projectDirPath = "";
			projectRoot = "";
			targets = (
				7119D6F31FF4C14D00B6565A /* ChineseIDValidator */,
				7119D7071FF4C14D00B6565A /* ChineseIDValidatorTests */,
			);
		};
/* End PBXProject section */

/* Begin PBXResourcesBuildPhase section */
		7119D6F21FF4C14D00B6565A /* Resources */ = {
			isa = PBXResourcesBuildPhase;
			buildActionMask = 2147483647;
			files = (
				7119D7021FF4C14D00B6565A /* LaunchScreen.storyboard in Resources */,
				7119D6FF1FF4C14D00B6565A /* Assets.xcassets in Resources */,
				7119D6FD1FF4C14D00B6565A /* Main.storyboard in Resources */,
			);
			runOnlyForDeploymentPostprocessing = 0;
		};
		7119D7061FF4C14D00B6565A /* Resources */ = {
			isa = PBXResourcesBuildPhase;
			buildActionMask = 2147483647;
			files = (
			);
			runOnlyForDeploymentPostprocessing = 0;
		};
/* End PBXResourcesBuildPhase section */

/* Begin PBXSourcesBuildPhase section */
		7119D6F01FF4C14D00B6565A /* Sources */ = {
			isa = PBXSourcesBuildPhase;
			buildActionMask = 2147483647;
			files = (
				7119D71D1FF6110A00B6565A /* String+CNID.swift in Sources */,
				7119D6FA1FF4C14D00B6565A /* ViewController.swift in Sources */,
				7119D6F81FF4C14D00B6565A /* AppDelegate.swift in Sources */,
			);
			runOnlyForDeploymentPostprocessing = 0;
		};
		7119D7041FF4C14D00B6565A /* Sources */ = {
			isa = PBXSourcesBuildPhase;
			buildActionMask = 2147483647;
			files = (
				7119D70D1FF4C14D00B6565A /* ChineseIDValidatorTests.swift in Sources */,
			);
			runOnlyForDeploymentPostprocessing = 0;
		};
/* End PBXSourcesBuildPhase section */

/* Begin PBXTargetDependency section */
		7119D70A1FF4C14D00B6565A /* PBXTargetDependency */ = {
			isa = PBXTargetDependency;
			target = 7119D6F31FF4C14D00B6565A /* ChineseIDValidator */;
			targetProxy = 7119D7091FF4C14D00B6565A /* PBXContainerItemProxy */;
		};
/* End PBXTargetDependency section */

/* Begin PBXVariantGroup section */
		7119D6FB1FF4C14D00B6565A /* Main.storyboard */ = {
			isa = PBXVariantGroup;
			children = (
				7119D6FC1FF4C14D00B6565A /* Base */,
			);
			name = Main.storyboard;
			sourceTree = "<group>";
		};
		7119D7001FF4C14D00B6565A /* LaunchScreen.storyboard */ = {
			isa = PBXVariantGroup;
			children = (
				7119D7011FF4C14D00B6565A /* Base */,
			);
			name = LaunchScreen.storyboard;
			sourceTree = "<group>";
		};
/* End PBXVariantGroup section */

/* Begin XCBuildConfiguration section */
		7119D70F1FF4C14D00B6565A /* Debug */ = {
			isa = XCBuildConfiguration;
			buildSettings = {
				ALWAYS_SEARCH_USER_PATHS = NO;
				CLANG_ANALYZER_NONNULL = YES;
				CLANG_ANALYZER_NUMBER_OBJECT_CONVERSION = YES_AGGRESSIVE;
				CLANG_CXX_LANGUAGE_STANDARD = "gnu++14";
				CLANG_CXX_LIBRARY = "libc++";
				CLANG_ENABLE_MODULES = YES;
				CLANG_ENABLE_OBJC_ARC = YES;
				CLANG_WARN_BLOCK_CAPTURE_AUTORELEASING = YES;
				CLANG_WARN_BOOL_CONVERSION = YES;
				CLANG_WARN_COMMA = YES;
				CLANG_WARN_CONSTANT_CONVERSION = YES;
				CLANG_WARN_DIRECT_OBJC_ISA_USAGE = YES_ERROR;
				CLANG_WARN_DOCUMENTATION_COMMENTS = YES;
				CLANG_WARN_EMPTY_BODY = YES;
				CLANG_WARN_ENUM_CONVERSION = YES;
				CLANG_WARN_INFINITE_RECURSION = YES;
				CLANG_WARN_INT_CONVERSION = YES;
				CLANG_WARN_NON_LITERAL_NULL_CONVERSION = YES;
				CLANG_WARN_OBJC_LITERAL_CONVERSION = YES;
				CLANG_WARN_OBJC_ROOT_CLASS = YES_ERROR;
				CLANG_WARN_RANGE_LOOP_ANALYSIS = YES;
				CLANG_WARN_STRICT_PROTOTYPES = YES;
				CLANG_WARN_SUSPICIOUS_MOVE = YES;
				CLANG_WARN_UNGUARDED_AVAILABILITY = YES_AGGRESSIVE;
				CLANG_WARN_UNREACHABLE_CODE = YES;
				CLANG_WARN__DUPLICATE_METHOD_MATCH = YES;
				CODE_SIGN_IDENTITY = "iPhone Developer";
				COPY_PHASE_STRIP = NO;
				DEBUG_INFORMATION_FORMAT = dwarf;
				ENABLE_STRICT_OBJC_MSGSEND = YES;
				ENABLE_TESTABILITY = YES;
				GCC_C_LANGUAGE_STANDARD = gnu11;
				GCC_DYNAMIC_NO_PIC = NO;
				GCC_NO_COMMON_BLOCKS = YES;
				GCC_OPTIMIZATION_LEVEL = 0;
				GCC_PREPROCESSOR_DEFINITIONS = (
					"DEBUG=1",
					"$(inherited)",
				);
				GCC_WARN_64_TO_32_BIT_CONVERSION = YES;
				GCC_WARN_ABOUT_RETURN_TYPE = YES_ERROR;
				GCC_WARN_UNDECLARED_SELECTOR = YES;
				GCC_WARN_UNINITIALIZED_AUTOS = YES_AGGRESSIVE;
				GCC_WARN_UNUSED_FUNCTION = YES;
				GCC_WARN_UNUSED_VARIABLE = YES;
				IPHONEOS_DEPLOYMENT_TARGET = 11.2;
				MTL_ENABLE_DEBUG_INFO = YES;
				ONLY_ACTIVE_ARCH = YES;
				SDKROOT = iphoneos;
				SWIFT_ACTIVE_COMPILATION_CONDITIONS = DEBUG;
				SWIFT_OPTIMIZATION_LEVEL = "-Onone";
			};
			name = Debug;
		};
		7119D7101FF4C14D00B6565A /* Release */ = {
			isa = XCBuildConfiguration;
			buildSettings = {
				ALWAYS_SEARCH_USER_PATHS = NO;
				CLANG_ANALYZER_NONNULL = YES;
				CLANG_ANALYZER_NUMBER_OBJECT_CONVERSION = YES_AGGRESSIVE;
				CLANG_CXX_LANGUAGE_STANDARD = "gnu++14";
				CLANG_CXX_LIBRARY = "libc++";
				CLANG_ENABLE_MODULES = YES;
				CLANG_ENABLE_OBJC_ARC = YES;
				CLANG_WARN_BLOCK_CAPTURE_AUTORELEASING = YES;
				CLANG_WARN_BOOL_CONVERSION = YES;
				CLANG_WARN_COMMA = YES;
				CLANG_WARN_CONSTANT_CONVERSION = YES;
				CLANG_WARN_DIRECT_OBJC_ISA_USAGE = YES_ERROR;
				CLANG_WARN_DOCUMENTATION_COMMENTS = YES;
				CLANG_WARN_EMPTY_BODY = YES;
				CLANG_WARN_ENUM_CONVERSION = YES;
				CLANG_WARN_INFINITE_RECURSION = YES;
				CLANG_WARN_INT_CONVERSION = YES;
				CLANG_WARN_NON_LITERAL_NULL_CONVERSION = YES;
				CLANG_WARN_OBJC_LITERAL_CONVERSION = YES;
				CLANG_WARN_OBJC_ROOT_CLASS = YES_ERROR;
				CLANG_WARN_RANGE_LOOP_ANALYSIS = YES;
				CLANG_WARN_STRICT_PROTOTYPES = YES;
				CLANG_WARN_SUSPICIOUS_MOVE = YES;
				CLANG_WARN_UNGUARDED_AVAILABILITY = YES_AGGRESSIVE;
				CLANG_WARN_UNREACHABLE_CODE = YES;
				CLANG_WARN__DUPLICATE_METHOD_MATCH = YES;
				CODE_SIGN_IDENTITY = "iPhone Developer";
				COPY_PHASE_STRIP = NO;
				DEBUG_INFORMATION_FORMAT = "dwarf-with-dsym";
				ENABLE_NS_ASSERTIONS = NO;
				ENABLE_STRICT_OBJC_MSGSEND = YES;
				GCC_C_LANGUAGE_STANDARD = gnu11;
				GCC_NO_COMMON_BLOCKS = YES;
				GCC_WARN_64_TO_32_BIT_CONVERSION = YES;
				GCC_WARN_ABOUT_RETURN_TYPE = YES_ERROR;
				GCC_WARN_UNDECLARED_SELECTOR = YES;
				GCC_WARN_UNINITIALIZED_AUTOS = YES_AGGRESSIVE;
				GCC_WARN_UNUSED_FUNCTION = YES;
				GCC_WARN_UNUSED_VARIABLE = YES;
				IPHONEOS_DEPLOYMENT_TARGET = 11.2;
				MTL_ENABLE_DEBUG_INFO = NO;
				SDKROOT = iphoneos;
				SWIFT_OPTIMIZATION_LEVEL = "-Owholemodule";
				VALIDATE_PRODUCT = YES;
			};
			name = Release;
		};
		7119D7121FF4C14D00B6565A /* Debug */ = {
			isa = XCBuildConfiguration;
			buildSettings = {
				ASSETCATALOG_COMPILER_APPICON_NAME = AppIcon;
				CODE_SIGN_STYLE = Automatic;
				INFOPLIST_FILE = ChineseIDValidator/Info.plist;
				LD_RUNPATH_SEARCH_PATHS = "$(inherited) @executable_path/Frameworks";
				PRODUCT_BUNDLE_IDENTIFIER = com.ray.ChineseIDValidator;
				PRODUCT_NAME = "$(TARGET_NAME)";
				SWIFT_VERSION = 4.0;
				TARGETED_DEVICE_FAMILY = "1,2";
			};
			name = Debug;
		};
		7119D7131FF4C14D00B6565A /* Release */ = {
			isa = XCBuildConfiguration;
			buildSettings = {
				ASSETCATALOG_COMPILER_APPICON_NAME = AppIcon;
				CODE_SIGN_STYLE = Automatic;
				INFOPLIST_FILE = ChineseIDValidator/Info.plist;
				LD_RUNPATH_SEARCH_PATHS = "$(inherited) @executable_path/Frameworks";
				PRODUCT_BUNDLE_IDENTIFIER = com.ray.ChineseIDValidator;
				PRODUCT_NAME = "$(TARGET_NAME)";
				SWIFT_VERSION = 4.0;
				TARGETED_DEVICE_FAMILY = "1,2";
			};
			name = Release;
		};
		7119D7151FF4C14D00B6565A /* Debug */ = {
			isa = XCBuildConfiguration;
			buildSettings = {
				ALWAYS_EMBED_SWIFT_STANDARD_LIBRARIES = YES;
				BUNDLE_LOADER = "$(TEST_HOST)";
				CODE_SIGN_STYLE = Automatic;
				INFOPLIST_FILE = ChineseIDValidatorTests/Info.plist;
				LD_RUNPATH_SEARCH_PATHS = "$(inherited) @executable_path/Frameworks @loader_path/Frameworks";
				PRODUCT_BUNDLE_IDENTIFIER = com.ray.ChineseIDValidatorTests;
				PRODUCT_NAME = "$(TARGET_NAME)";
				SWIFT_VERSION = 4.0;
				TARGETED_DEVICE_FAMILY = "1,2";
				TEST_HOST = "$(BUILT_PRODUCTS_DIR)/ChineseIDValidator.app/ChineseIDValidator";
			};
			name = Debug;
		};
		7119D7161FF4C14D00B6565A /* Release */ = {
			isa = XCBuildConfiguration;
			buildSettings = {
				ALWAYS_EMBED_SWIFT_STANDARD_LIBRARIES = YES;
				BUNDLE_LOADER = "$(TEST_HOST)";
				CODE_SIGN_STYLE = Automatic;
				INFOPLIST_FILE = ChineseIDValidatorTests/Info.plist;
				LD_RUNPATH_SEARCH_PATHS = "$(inherited) @executable_path/Frameworks @loader_path/Frameworks";
				PRODUCT_BUNDLE_IDENTIFIER = com.ray.ChineseIDValidatorTests;
				PRODUCT_NAME = "$(TARGET_NAME)";
				SWIFT_VERSION = 4.0;
				TARGETED_DEVICE_FAMILY = "1,2";
				TEST_HOST = "$(BUILT_PRODUCTS_DIR)/ChineseIDValidator.app/ChineseIDValidator";
			};
			name = Release;
		};
/* End XCBuildConfiguration section */

/* Begin XCConfigurationList section */
		7119D6EF1FF4C14D00B6565A /* Build configuration list for PBXProject "ChineseIDValidator" */ = {
			isa = XCConfigurationList;
			buildConfigurations = (
				7119D70F1FF4C14D00B6565A /* Debug */,
				7119D7101FF4C14D00B6565A /* Release */,
			);
			defaultConfigurationIsVisible = 0;
			defaultConfigurationName = Release;
		};
		7119D7111FF4C14D00B6565A /* Build configuration list for PBXNativeTarget "ChineseIDValidator" */ = {
			isa = XCConfigurationList;
			buildConfigurations = (
				7119D7121FF4C14D00B6565A /* Debug */,
				7119D7131FF4C14D00B6565A /* Release */,
			);
			defaultConfigurationIsVisible = 0;
			defaultConfigurationName = Release;
		};
		7119D7141FF4C14D00B6565A /* Build configuration list for PBXNativeTarget "ChineseIDValidatorTests" */ = {
			isa = XCConfigurationList;
			buildConfigurations = (
				7119D7151FF4C14D00B6565A /* Debug */,
				7119D7161FF4C14D00B6565A /* Release */,
			);
			defaultConfigurationIsVisible = 0;
			defaultConfigurationName = Release;
		};
/* End XCConfigurationList section */
	};
	rootObject = 7119D6EC1FF4C14D00B6565A /* Project object */;
}
